// !$*UTF8*$!
{
	archiveVersion = 1;
	classes = {
	};
	objectVersion = 56;
	objects = {

/* Begin PBXBuildFile section */
		D40B733529CD2E0300B63B69 /* Fitlog Watch App.app in Embed Watch Content */ = {isa = PBXBuildFile; fileRef = D40B733429CD2E0300B63B69 /* Fitlog Watch App.app */; settings = {ATTRIBUTES = (RemoveHeadersOnCopy, ); }; };
		D40B733A29CD2E0300B63B69 /* fitlogApp.swift in Sources */ = {isa = PBXBuildFile; fileRef = D40B733929CD2E0300B63B69 /* fitlogApp.swift */; };
		D40B733C29CD2E0300B63B69 /* ContentView.swift in Sources */ = {isa = PBXBuildFile; fileRef = D40B733B29CD2E0300B63B69 /* ContentView.swift */; };
		D40B733E29CD2E0300B63B69 /* Assets.xcassets in Resources */ = {isa = PBXBuildFile; fileRef = D40B733D29CD2E0300B63B69 /* Assets.xcassets */; };
		D40B734129CD2E0300B63B69 /* Preview Assets.xcassets in Resources */ = {isa = PBXBuildFile; fileRef = D40B734029CD2E0300B63B69 /* Preview Assets.xcassets */; };
		D40B734E29CD33C400B63B69 /* journalData.json in Resources */ = {isa = PBXBuildFile; fileRef = D40B734D29CD33C400B63B69 /* journalData.json */; };
		D40B735529CD34A000B63B69 /* ModelData.swift in Sources */ = {isa = PBXBuildFile; fileRef = D40B735429CD34A000B63B69 /* ModelData.swift */; };
		D40B735729CD37EF00B63B69 /* JournalEntry.swift in Sources */ = {isa = PBXBuildFile; fileRef = D40B735629CD37EF00B63B69 /* JournalEntry.swift */; };
		D40B735929CD410500B63B69 /* JournalDetail.swift in Sources */ = {isa = PBXBuildFile; fileRef = D40B735829CD410500B63B69 /* JournalDetail.swift */; };
		D40B735C29CD648800B63B69 /* JournalRow.swift in Sources */ = {isa = PBXBuildFile; fileRef = D40B735B29CD648800B63B69 /* JournalRow.swift */; };
		D40B736029CD677300B63B69 /* JournalList.swift in Sources */ = {isa = PBXBuildFile; fileRef = D40B735F29CD677300B63B69 /* JournalList.swift */; };
/* End PBXBuildFile section */

/* Begin PBXContainerItemProxy section */
		D40B733629CD2E0300B63B69 /* PBXContainerItemProxy */ = {
			isa = PBXContainerItemProxy;
			containerPortal = D40B732829CD2E0200B63B69 /* Project object */;
			proxyType = 1;
			remoteGlobalIDString = D40B733329CD2E0300B63B69;
			remoteInfo = "fitlog Watch App";
		};
/* End PBXContainerItemProxy section */

/* Begin PBXCopyFilesBuildPhase section */
		D40B734729CD2E0300B63B69 /* Embed Watch Content */ = {
			isa = PBXCopyFilesBuildPhase;
			buildActionMask = 2147483647;
			dstPath = "$(CONTENTS_FOLDER_PATH)/Watch";
			dstSubfolderSpec = 16;
			files = (
				D40B733529CD2E0300B63B69 /* Fitlog Watch App.app in Embed Watch Content */,
			);
			name = "Embed Watch Content";
			runOnlyForDeploymentPostprocessing = 0;
		};
/* End PBXCopyFilesBuildPhase section */

/* Begin PBXFileReference section */
		D40B732E29CD2E0200B63B69 /* Fitlog.app */ = {isa = PBXFileReference; explicitFileType = wrapper.application; includeInIndex = 0; path = Fitlog.app; sourceTree = BUILT_PRODUCTS_DIR; };
		D40B733429CD2E0300B63B69 /* Fitlog Watch App.app */ = {isa = PBXFileReference; explicitFileType = wrapper.application; includeInIndex = 0; path = "Fitlog Watch App.app"; sourceTree = BUILT_PRODUCTS_DIR; };
		D40B733929CD2E0300B63B69 /* fitlogApp.swift */ = {isa = PBXFileReference; lastKnownFileType = sourcecode.swift; path = fitlogApp.swift; sourceTree = "<group>"; };
		D40B733B29CD2E0300B63B69 /* ContentView.swift */ = {isa = PBXFileReference; lastKnownFileType = sourcecode.swift; path = ContentView.swift; sourceTree = "<group>"; };
		D40B733D29CD2E0300B63B69 /* Assets.xcassets */ = {isa = PBXFileReference; lastKnownFileType = folder.assetcatalog; path = Assets.xcassets; sourceTree = "<group>"; };
		D40B734029CD2E0300B63B69 /* Preview Assets.xcassets */ = {isa = PBXFileReference; lastKnownFileType = folder.assetcatalog; path = "Preview Assets.xcassets"; sourceTree = "<group>"; };
		D40B734D29CD33C400B63B69 /* journalData.json */ = {isa = PBXFileReference; fileEncoding = 4; lastKnownFileType = text.json; path = journalData.json; sourceTree = "<group>"; };
		D40B735429CD34A000B63B69 /* ModelData.swift */ = {isa = PBXFileReference; lastKnownFileType = sourcecode.swift; path = ModelData.swift; sourceTree = "<group>"; };
		D40B735629CD37EF00B63B69 /* JournalEntry.swift */ = {isa = PBXFileReference; lastKnownFileType = sourcecode.swift; path = JournalEntry.swift; sourceTree = "<group>"; };
		D40B735829CD410500B63B69 /* JournalDetail.swift */ = {isa = PBXFileReference; lastKnownFileType = sourcecode.swift; path = JournalDetail.swift; sourceTree = "<group>"; };
		D40B735B29CD648800B63B69 /* JournalRow.swift */ = {isa = PBXFileReference; lastKnownFileType = sourcecode.swift; path = JournalRow.swift; sourceTree = "<group>"; };
		D40B735F29CD677300B63B69 /* JournalList.swift */ = {isa = PBXFileReference; lastKnownFileType = sourcecode.swift; path = JournalList.swift; sourceTree = "<group>"; };
/* End PBXFileReference section */

/* Begin PBXFrameworksBuildPhase section */
		D40B733129CD2E0300B63B69 /* Frameworks */ = {
			isa = PBXFrameworksBuildPhase;
			buildActionMask = 2147483647;
			files = (
			);
			runOnlyForDeploymentPostprocessing = 0;
		};
/* End PBXFrameworksBuildPhase section */

/* Begin PBXGroup section */
		D40B732729CD2E0200B63B69 = {
			isa = PBXGroup;
			children = (
				D40B733829CD2E0300B63B69 /* fitlog Watch App */,
				D40B732F29CD2E0200B63B69 /* Products */,
			);
			sourceTree = "<group>";
		};
		D40B732F29CD2E0200B63B69 /* Products */ = {
			isa = PBXGroup;
			children = (
				D40B732E29CD2E0200B63B69 /* Fitlog.app */,
				D40B733429CD2E0300B63B69 /* Fitlog Watch App.app */,
			);
			name = Products;
			sourceTree = "<group>";
		};
		D40B733829CD2E0300B63B69 /* fitlog Watch App */ = {
			isa = PBXGroup;
			children = (
				D40B734B29CD2E8800B63B69 /* Views */,
				D40B733929CD2E0300B63B69 /* fitlogApp.swift */,
				D40B734F29CD342600B63B69 /* Model */,
				D40B734C29CD2F3C00B63B69 /* Resources */,
				D40B733B29CD2E0300B63B69 /* ContentView.swift */,
				D40B733D29CD2E0300B63B69 /* Assets.xcassets */,
				D40B733F29CD2E0300B63B69 /* Preview Content */,
			);
			path = "fitlog Watch App";
			sourceTree = "<group>";
		};
		D40B733F29CD2E0300B63B69 /* Preview Content */ = {
			isa = PBXGroup;
			children = (
				D40B734029CD2E0300B63B69 /* Preview Assets.xcassets */,
			);
			path = "Preview Content";
			sourceTree = "<group>";
		};
		D40B734B29CD2E8800B63B69 /* Views */ = {
			isa = PBXGroup;
			children = (
				D40B735A29CD411700B63B69 /* Journals */,
			);
			path = Views;
			sourceTree = "<group>";
		};
		D40B734C29CD2F3C00B63B69 /* Resources */ = {
			isa = PBXGroup;
			children = (
				D40B734D29CD33C400B63B69 /* journalData.json */,
			);
			path = Resources;
			sourceTree = "<group>";
		};
		D40B734F29CD342600B63B69 /* Model */ = {
			isa = PBXGroup;
			children = (
				D40B735429CD34A000B63B69 /* ModelData.swift */,
				D40B735629CD37EF00B63B69 /* JournalEntry.swift */,
			);
			path = Model;
			sourceTree = "<group>";
		};
		D40B735A29CD411700B63B69 /* Journals */ = {
			isa = PBXGroup;
			children = (
				D40B735829CD410500B63B69 /* JournalDetail.swift */,
				D40B735B29CD648800B63B69 /* JournalRow.swift */,
				D40B735F29CD677300B63B69 /* JournalList.swift */,
			);
			path = Journals;
			sourceTree = "<group>";
		};
/* End PBXGroup section */

/* Begin PBXNativeTarget section */
		D40B732D29CD2E0200B63B69 /* Fitlog */ = {
			isa = PBXNativeTarget;
			buildConfigurationList = D40B734829CD2E0300B63B69 /* Build configuration list for PBXNativeTarget "Fitlog" */;
			buildPhases = (
				D40B732C29CD2E0200B63B69 /* Resources */,
				D40B734729CD2E0300B63B69 /* Embed Watch Content */,
			);
			buildRules = (
			);
			dependencies = (
				D40B733729CD2E0300B63B69 /* PBXTargetDependency */,
			);
			name = Fitlog;
			productName = fitlog;
			productReference = D40B732E29CD2E0200B63B69 /* Fitlog.app */;
			productType = "com.apple.product-type.application.watchapp2-container";
		};
		D40B733329CD2E0300B63B69 /* Fitlog Watch App */ = {
			isa = PBXNativeTarget;
			buildConfigurationList = D40B734429CD2E0300B63B69 /* Build configuration list for PBXNativeTarget "Fitlog Watch App" */;
			buildPhases = (
				D40B733029CD2E0300B63B69 /* Sources */,
				D40B733129CD2E0300B63B69 /* Frameworks */,
				D40B733229CD2E0300B63B69 /* Resources */,
			);
			buildRules = (
			);
			dependencies = (
			);
			name = "Fitlog Watch App";
			productName = "fitlog Watch App";
			productReference = D40B733429CD2E0300B63B69 /* Fitlog Watch App.app */;
			productType = "com.apple.product-type.application";
		};
/* End PBXNativeTarget section */

/* Begin PBXProject section */
		D40B732829CD2E0200B63B69 /* Project object */ = {
			isa = PBXProject;
			attributes = {
				BuildIndependentTargetsInParallel = 1;
				LastSwiftUpdateCheck = 1420;
				LastUpgradeCheck = 1420;
				TargetAttributes = {
					D40B732D29CD2E0200B63B69 = {
						CreatedOnToolsVersion = 14.2;
					};
					D40B733329CD2E0300B63B69 = {
						CreatedOnToolsVersion = 14.2;
					};
				};
			};
			buildConfigurationList = D40B732B29CD2E0200B63B69 /* Build configuration list for PBXProject "fitlog" */;
			compatibilityVersion = "Xcode 14.0";
			developmentRegion = en;
			hasScannedForEncodings = 0;
			knownRegions = (
				en,
				Base,
			);
			mainGroup = D40B732729CD2E0200B63B69;
			productRefGroup = D40B732F29CD2E0200B63B69 /* Products */;
			projectDirPath = "";
			projectRoot = "";
			targets = (
				D40B732D29CD2E0200B63B69 /* Fitlog */,
				D40B733329CD2E0300B63B69 /* Fitlog Watch App */,
			);
		};
/* End PBXProject section */

/* Begin PBXResourcesBuildPhase section */
		D40B732C29CD2E0200B63B69 /* Resources */ = {
			isa = PBXResourcesBuildPhase;
			buildActionMask = 2147483647;
			files = (
			);
			runOnlyForDeploymentPostprocessing = 0;
		};
		D40B733229CD2E0300B63B69 /* Resources */ = {
			isa = PBXResourcesBuildPhase;
			buildActionMask = 2147483647;
			files = (
				D40B734129CD2E0300B63B69 /* Preview Assets.xcassets in Resources */,
				D40B733E29CD2E0300B63B69 /* Assets.xcassets in Resources */,
				D40B734E29CD33C400B63B69 /* journalData.json in Resources */,
			);
			runOnlyForDeploymentPostprocessing = 0;
		};
/* End PBXResourcesBuildPhase section */

/* Begin PBXSourcesBuildPhase section */
		D40B733029CD2E0300B63B69 /* Sources */ = {
			isa = PBXSourcesBuildPhase;
			buildActionMask = 2147483647;
			files = (
				D40B735C29CD648800B63B69 /* JournalRow.swift in Sources */,
				D40B733C29CD2E0300B63B69 /* ContentView.swift in Sources */,
				D40B735929CD410500B63B69 /* JournalDetail.swift in Sources */,
				D40B733A29CD2E0300B63B69 /* fitlogApp.swift in Sources */,
				D40B736029CD677300B63B69 /* JournalList.swift in Sources */,
				D40B735729CD37EF00B63B69 /* JournalEntry.swift in Sources */,
				D40B735529CD34A000B63B69 /* ModelData.swift in Sources */,
			);
			runOnlyForDeploymentPostprocessing = 0;
		};
/* End PBXSourcesBuildPhase section */

/* Begin PBXTargetDependency section */
		D40B733729CD2E0300B63B69 /* PBXTargetDependency */ = {
			isa = PBXTargetDependency;
			target = D40B733329CD2E0300B63B69 /* Fitlog Watch App */;
			targetProxy = D40B733629CD2E0300B63B69 /* PBXContainerItemProxy */;
		};
/* End PBXTargetDependency section */

/* Begin XCBuildConfiguration section */
		D40B734229CD2E0300B63B69 /* Debug */ = {
			isa = XCBuildConfiguration;
			buildSettings = {
				ALWAYS_SEARCH_USER_PATHS = NO;
				CLANG_ANALYZER_NONNULL = YES;
				CLANG_ANALYZER_NUMBER_OBJECT_CONVERSION = YES_AGGRESSIVE;
				CLANG_CXX_LANGUAGE_STANDARD = "gnu++20";
				CLANG_ENABLE_MODULES = YES;
				CLANG_ENABLE_OBJC_ARC = YES;
				CLANG_ENABLE_OBJC_WEAK = YES;
				CLANG_WARN_BLOCK_CAPTURE_AUTORELEASING = YES;
				CLANG_WARN_BOOL_CONVERSION = YES;
				CLANG_WARN_COMMA = YES;
				CLANG_WARN_CONSTANT_CONVERSION = YES;
				CLANG_WARN_DEPRECATED_OBJC_IMPLEMENTATIONS = YES;
				CLANG_WARN_DIRECT_OBJC_ISA_USAGE = YES_ERROR;
				CLANG_WARN_DOCUMENTATION_COMMENTS = YES;
				CLANG_WARN_EMPTY_BODY = YES;
				CLANG_WARN_ENUM_CONVERSION = YES;
				CLANG_WARN_INFINITE_RECURSION = YES;
				CLANG_WARN_INT_CONVERSION = YES;
				CLANG_WARN_NON_LITERAL_NULL_CONVERSION = YES;
				CLANG_WARN_OBJC_IMPLICIT_RETAIN_SELF = YES;
				CLANG_WARN_OBJC_LITERAL_CONVERSION = YES;
				CLANG_WARN_OBJC_ROOT_CLASS = YES_ERROR;
				CLANG_WARN_QUOTED_INCLUDE_IN_FRAMEWORK_HEADER = YES;
				CLANG_WARN_RANGE_LOOP_ANALYSIS = YES;
				CLANG_WARN_STRICT_PROTOTYPES = YES;
				CLANG_WARN_SUSPICIOUS_MOVE = YES;
				CLANG_WARN_UNGUARDED_AVAILABILITY = YES_AGGRESSIVE;
				CLANG_WARN_UNREACHABLE_CODE = YES;
				CLANG_WARN__DUPLICATE_METHOD_MATCH = YES;
				COPY_PHASE_STRIP = NO;
				DEBUG_INFORMATION_FORMAT = dwarf;
				ENABLE_STRICT_OBJC_MSGSEND = YES;
				ENABLE_TESTABILITY = YES;
				GCC_C_LANGUAGE_STANDARD = gnu11;
				GCC_DYNAMIC_NO_PIC = NO;
				GCC_NO_COMMON_BLOCKS = YES;
				GCC_OPTIMIZATION_LEVEL = 0;
				GCC_PREPROCESSOR_DEFINITIONS = (
					"DEBUG=1",
					"$(inherited)",
				);
				GCC_WARN_64_TO_32_BIT_CONVERSION = YES;
				GCC_WARN_ABOUT_RETURN_TYPE = YES_ERROR;
				GCC_WARN_UNDECLARED_SELECTOR = YES;
				GCC_WARN_UNINITIALIZED_AUTOS = YES_AGGRESSIVE;
				GCC_WARN_UNUSED_FUNCTION = YES;
				GCC_WARN_UNUSED_VARIABLE = YES;
				MTL_ENABLE_DEBUG_INFO = INCLUDE_SOURCE;
				MTL_FAST_MATH = YES;
				ONLY_ACTIVE_ARCH = YES;
				SWIFT_ACTIVE_COMPILATION_CONDITIONS = DEBUG;
				SWIFT_OPTIMIZATION_LEVEL = "-Onone";
			};
			name = Debug;
		};
		D40B734329CD2E0300B63B69 /* Release */ = {
			isa = XCBuildConfiguration;
			buildSettings = {
				ALWAYS_SEARCH_USER_PATHS = NO;
				CLANG_ANALYZER_NONNULL = YES;
				CLANG_ANALYZER_NUMBER_OBJECT_CONVERSION = YES_AGGRESSIVE;
				CLANG_CXX_LANGUAGE_STANDARD = "gnu++20";
				CLANG_ENABLE_MODULES = YES;
				CLANG_ENABLE_OBJC_ARC = YES;
				CLANG_ENABLE_OBJC_WEAK = YES;
				CLANG_WARN_BLOCK_CAPTURE_AUTORELEASING = YES;
				CLANG_WARN_BOOL_CONVERSION = YES;
				CLANG_WARN_COMMA = YES;
				CLANG_WARN_CONSTANT_CONVERSION = YES;
				CLANG_WARN_DEPRECATED_OBJC_IMPLEMENTATIONS = YES;
				CLANG_WARN_DIRECT_OBJC_ISA_USAGE = YES_ERROR;
				CLANG_WARN_DOCUMENTATION_COMMENTS = YES;
				CLANG_WARN_EMPTY_BODY = YES;
				CLANG_WARN_ENUM_CONVERSION = YES;
				CLANG_WARN_INFINITE_RECURSION = YES;
				CLANG_WARN_INT_CONVERSION = YES;
				CLANG_WARN_NON_LITERAL_NULL_CONVERSION = YES;
				CLANG_WARN_OBJC_IMPLICIT_RETAIN_SELF = YES;
				CLANG_WARN_OBJC_LITERAL_CONVERSION = YES;
				CLANG_WARN_OBJC_ROOT_CLASS = YES_ERROR;
				CLANG_WARN_QUOTED_INCLUDE_IN_FRAMEWORK_HEADER = YES;
				CLANG_WARN_RANGE_LOOP_ANALYSIS = YES;
				CLANG_WARN_STRICT_PROTOTYPES = YES;
				CLANG_WARN_SUSPICIOUS_MOVE = YES;
				CLANG_WARN_UNGUARDED_AVAILABILITY = YES_AGGRESSIVE;
				CLANG_WARN_UNREACHABLE_CODE = YES;
				CLANG_WARN__DUPLICATE_METHOD_MATCH = YES;
				COPY_PHASE_STRIP = NO;
				DEBUG_INFORMATION_FORMAT = "dwarf-with-dsym";
				ENABLE_NS_ASSERTIONS = NO;
				ENABLE_STRICT_OBJC_MSGSEND = YES;
				GCC_C_LANGUAGE_STANDARD = gnu11;
				GCC_NO_COMMON_BLOCKS = YES;
				GCC_WARN_64_TO_32_BIT_CONVERSION = YES;
				GCC_WARN_ABOUT_RETURN_TYPE = YES_ERROR;
				GCC_WARN_UNDECLARED_SELECTOR = YES;
				GCC_WARN_UNINITIALIZED_AUTOS = YES_AGGRESSIVE;
				GCC_WARN_UNUSED_FUNCTION = YES;
				GCC_WARN_UNUSED_VARIABLE = YES;
				MTL_ENABLE_DEBUG_INFO = NO;
				MTL_FAST_MATH = YES;
				SWIFT_COMPILATION_MODE = wholemodule;
				SWIFT_OPTIMIZATION_LEVEL = "-O";
			};
			name = Release;
		};
		D40B734529CD2E0300B63B69 /* Debug */ = {
			isa = XCBuildConfiguration;
			buildSettings = {
				ASSETCATALOG_COMPILER_APPICON_NAME = AppIcon;
				ASSETCATALOG_COMPILER_GLOBAL_ACCENT_COLOR_NAME = AccentColor;
				CODE_SIGN_STYLE = Automatic;
				CURRENT_PROJECT_VERSION = 1;
				DEVELOPMENT_ASSET_PATHS = "\"fitlog Watch App/Preview Content\"";
				ENABLE_PREVIEWS = YES;
				GENERATE_INFOPLIST_FILE = YES;
				INFOPLIST_KEY_CFBundleDisplayName = fitlog;
				INFOPLIST_KEY_UISupportedInterfaceOrientations = "UIInterfaceOrientationPortrait UIInterfaceOrientationPortraitUpsideDown";
				INFOPLIST_KEY_WKWatchOnly = YES;
				LD_RUNPATH_SEARCH_PATHS = (
					"$(inherited)",
					"@executable_path/Frameworks",
				);
				MARKETING_VERSION = 1.0;
				PRODUCT_BUNDLE_IDENTIFIER = fitlog.fitlog.watchkitapp;
				PRODUCT_NAME = "$(TARGET_NAME)";
				SDKROOT = watchos;
				SKIP_INSTALL = YES;
				SWIFT_EMIT_LOC_STRINGS = YES;
				SWIFT_VERSION = 5.0;
				TARGETED_DEVICE_FAMILY = 4;
				WATCHOS_DEPLOYMENT_TARGET = 9.1;
			};
			name = Debug;
		};
		D40B734629CD2E0300B63B69 /* Release */ = {
			isa = XCBuildConfiguration;
			buildSettings = {
				ASSETCATALOG_COMPILER_APPICON_NAME = AppIcon;
				ASSETCATALOG_COMPILER_GLOBAL_ACCENT_COLOR_NAME = AccentColor;
				CODE_SIGN_STYLE = Automatic;
				CURRENT_PROJECT_VERSION = 1;
				DEVELOPMENT_ASSET_PATHS = "\"fitlog Watch App/Preview Content\"";
				ENABLE_PREVIEWS = YES;
				GENERATE_INFOPLIST_FILE = YES;
				INFOPLIST_KEY_CFBundleDisplayName = fitlog;
				INFOPLIST_KEY_UISupportedInterfaceOrientations = "UIInterfaceOrientationPortrait UIInterfaceOrientationPortraitUpsideDown";
				INFOPLIST_KEY_WKWatchOnly = YES;
				LD_RUNPATH_SEARCH_PATHS = (
					"$(inherited)",
					"@executable_path/Frameworks",
				);
				MARKETING_VERSION = 1.0;
				PRODUCT_BUNDLE_IDENTIFIER = fitlog.fitlog.watchkitapp;
				PRODUCT_NAME = "$(TARGET_NAME)";
				SDKROOT = watchos;
				SKIP_INSTALL = YES;
				SWIFT_EMIT_LOC_STRINGS = YES;
				SWIFT_VERSION = 5.0;
				TARGETED_DEVICE_FAMILY = 4;
				VALIDATE_PRODUCT = YES;
				WATCHOS_DEPLOYMENT_TARGET = 9.1;
			};
			name = Release;
		};
		D40B734929CD2E0300B63B69 /* Debug */ = {
			isa = XCBuildConfiguration;
			buildSettings = {
				ALWAYS_EMBED_SWIFT_STANDARD_LIBRARIES = YES;
				CODE_SIGN_STYLE = Automatic;
				CURRENT_PROJECT_VERSION = 1;
				INFOPLIST_KEY_CFBundleDisplayName = fitlog;
				MARKETING_VERSION = 1.0;
				PRODUCT_BUNDLE_IDENTIFIER = fitlog.fitlog;
				PRODUCT_NAME = "$(TARGET_NAME)";
				SDKROOT = iphoneos;
				SWIFT_VERSION = 5.0;
			};
			name = Debug;
		};
		D40B734A29CD2E0300B63B69 /* Release */ = {
			isa = XCBuildConfiguration;
			buildSettings = {
				ALWAYS_EMBED_SWIFT_STANDARD_LIBRARIES = YES;
				CODE_SIGN_STYLE = Automatic;
				CURRENT_PROJECT_VERSION = 1;
				INFOPLIST_KEY_CFBundleDisplayName = fitlog;
				MARKETING_VERSION = 1.0;
				PRODUCT_BUNDLE_IDENTIFIER = fitlog.fitlog;
				PRODUCT_NAME = "$(TARGET_NAME)";
				SDKROOT = iphoneos;
				SWIFT_VERSION = 5.0;
				VALIDATE_PRODUCT = YES;
			};
			name = Release;
		};
/* End XCBuildConfiguration section */

/* Begin XCConfigurationList section */
		D40B732B29CD2E0200B63B69 /* Build configuration list for PBXProject "fitlog" */ = {
			isa = XCConfigurationList;
			buildConfigurations = (
				D40B734229CD2E0300B63B69 /* Debug */,
				D40B734329CD2E0300B63B69 /* Release */,
			);
			defaultConfigurationIsVisible = 0;
			defaultConfigurationName = Release;
		};
		D40B734429CD2E0300B63B69 /* Build configuration list for PBXNativeTarget "Fitlog Watch App" */ = {
			isa = XCConfigurationList;
			buildConfigurations = (
				D40B734529CD2E0300B63B69 /* Debug */,
				D40B734629CD2E0300B63B69 /* Release */,
			);
			defaultConfigurationIsVisible = 0;
			defaultConfigurationName = Release;
		};
		D40B734829CD2E0300B63B69 /* Build configuration list for PBXNativeTarget "Fitlog" */ = {
			isa = XCConfigurationList;
			buildConfigurations = (
				D40B734929CD2E0300B63B69 /* Debug */,
				D40B734A29CD2E0300B63B69 /* Release */,
			);
			defaultConfigurationIsVisible = 0;
			defaultConfigurationName = Release;
		};
/* End XCConfigurationList section */
	};
	rootObject = D40B732829CD2E0200B63B69 /* Project object */;
}
